
Microsoft Visual Studio Solution File, Format Version 12.00
# Visual Studio 15
VisualStudioVersion = 15.0.27130.2024
MinimumVisualStudioVersion = 10.0.40219.1
Project("{FAE04EC0-301F-11D3-BF4B-00C04F79EFBC}") = "Phase4", "Phase4\Phase4.csproj", "{CC2FCA04-7C67-4781-A731-A3F4B6639A74}"
EndProject
Global
	GlobalSection(SolutionConfigurationPlatforms) = preSolution
		Debug|Any CPU = Debug|Any CPU
		Release|Any CPU = Release|Any CPU
	EndGlobalSection
	GlobalSection(ProjectConfigurationPlatforms) = postSolution
		{CC2FCA04-7C67-4781-A731-A3F4B6639A74}.Debug|Any CPU.ActiveCfg = Debug|Any CPU
		{CC2FCA04-7C67-4781-A731-A3F4B6639A74}.Debug|Any CPU.Build.0 = Debug|Any CPU
		{CC2FCA04-7C67-4781-A731-A3F4B6639A74}.Release|Any CPU.ActiveCfg = Release|Any CPU
		{CC2FCA04-7C67-4781-A731-A3F4B6639A74}.Release|Any CPU.Build.0 = Release|Any CPU
	EndGlobalSection
	GlobalSection(SolutionProperties) = preSolution
		HideSolutionNode = FALSE
	EndGlobalSection
	GlobalSection(ExtensibilityGlobals) = postSolution
		SolutionGuid = {21CCDB34-BE90-477D-B037-D052E50348C0}
	EndGlobalSection
EndGlobal
